
Microsoft Visual Studio Solution File, Format Version 12.00
# Visual Studio Version 17
VisualStudioVersion = 17.8.34309.116
MinimumVisualStudioVersion = 10.0.40219.1
Project("{FAE04EC0-301F-11D3-BF4B-00C04F79EFBC}") = "task4", "task4\task4.csproj", "{02B37356-7E8A-4E3E-B086-D239943F6BAB}"
EndProject
Global
	GlobalSection(SolutionConfigurationPlatforms) = preSolution
		Debug|Any CPU = Debug|Any CPU
		Release|Any CPU = Release|Any CPU
	EndGlobalSection
	GlobalSection(ProjectConfigurationPlatforms) = postSolution
		{02B37356-7E8A-4E3E-B086-D239943F6BAB}.Debug|Any CPU.ActiveCfg = Debug|Any CPU
		{02B37356-7E8A-4E3E-B086-D239943F6BAB}.Debug|Any CPU.Build.0 = Debug|Any CPU
		{02B37356-7E8A-4E3E-B086-D239943F6BAB}.Release|Any CPU.ActiveCfg = Release|Any CPU
		{02B37356-7E8A-4E3E-B086-D239943F6BAB}.Release|Any CPU.Build.0 = Release|Any CPU
	EndGlobalSection
	GlobalSection(SolutionProperties) = preSolution
		HideSolutionNode = FALSE
	EndGlobalSection
	GlobalSection(ExtensibilityGlobals) = postSolution
		SolutionGuid = {D6D3759C-91A2-412D-9B29-2E802D91ED46}
	EndGlobalSection
EndGlobal
